
Microsoft Visual Studio Solution File, Format Version 12.00
# Visual Studio Version 17
VisualStudioVersion = 17.10.35013.160
MinimumVisualStudioVersion = 10.0.40219.1
Project("{9A19103F-16F7-4668-BE54-9A1E7A4F7556}") = "Svrooij.Demo.Api", "src\Svrooij.Demo.Api\Svrooij.Demo.Api.csproj", "{DF6BE589-2F7D-4201-851A-17DA55763FB0}"
EndProject
Project("{2150E333-8FDC-42A3-9474-1A3956D46DE8}") = "Solution Items", "Solution Items", "{E17230AA-2BF3-4E60-B6D6-8477E94EBB38}"
	ProjectSection(SolutionItems) = preProject
		LICENSE.txt = LICENSE.txt
		README.md = README.md
	EndProjectSection
EndProject
Global
	GlobalSection(SolutionConfigurationPlatforms) = preSolution
		Debug|Any CPU = Debug|Any CPU
		Release|Any CPU = Release|Any CPU
	EndGlobalSection
	GlobalSection(ProjectConfigurationPlatforms) = postSolution
		{DF6BE589-2F7D-4201-851A-17DA55763FB0}.Debug|Any CPU.ActiveCfg = Debug|Any CPU
		{DF6BE589-2F7D-4201-851A-17DA55763FB0}.Debug|Any CPU.Build.0 = Debug|Any CPU
		{DF6BE589-2F7D-4201-851A-17DA55763FB0}.Release|Any CPU.ActiveCfg = Release|Any CPU
		{DF6BE589-2F7D-4201-851A-17DA55763FB0}.Release|Any CPU.Build.0 = Release|Any CPU
	EndGlobalSection
	GlobalSection(SolutionProperties) = preSolution
		HideSolutionNode = FALSE
	EndGlobalSection
	GlobalSection(ExtensibilityGlobals) = postSolution
		SolutionGuid = {9726E314-7650-4817-B643-A4EF4D596880}
	EndGlobalSection
EndGlobal
